# This file is autogenerated, do not edit; changes may be undone by the next 'dep ensure'.


[[projects]]
  name = "github.com/aymerick/raymond"
  packages = [
    ".",
    "ast",
    "lexer",
    "parser"
  ]
  revision = "2eebd0f5dd9564c0c6e439df11d8a3c7b9b9ab11"
  version = "v2.0.2"

[[projects]]
  branch = "master"
  name = "github.com/drone/drone-template-lib"
  packages = ["template"]
  revision = "5748d3149f4859c6d6cf43edb4fa35bba379c918"

[[projects]]
  branch = "master"
  name = "github.com/gregdel/pushover"
  packages = ["."]
  revision = "1e03358b8e7e921df70042289c6e9ae96f8d5484"

[[projects]]
  name = "github.com/pkg/errors"
  packages = ["."]
  revision = "645ef00459ed84a119197bfb8d8205042c6df63d"
  version = "v0.8.0"

[[projects]]
  name = "github.com/urfave/cli"
  packages = ["."]
  revision = "cfb38830724cc34fedffe9a2a29fb54fa9169cd1"
  version = "v1.20.0"

[solve-meta]
  analyzer-name = "dep"
  analyzer-version = 1
  inputs-digest = "ab4a6848b92a82a11f6da54d8f24ec605a4437fa9e98c465ccf025d3f2eebfaa"
  solver-name = "gps-cdcl"
  solver-version = 1
